
Microsoft Visual Studio Solution File, Format Version 12.00
Project("{FAE04EC0-301F-11D3-BF4B-00C04F79EFBC}") = "BlogApp.WebApi", "BlogApp.WebApi\BlogApp.WebApi.csproj", "{16276E24-63AA-4015-9B9D-7DBC9BC52F56}"
EndProject
Project("{FAE04EC0-301F-11D3-BF4B-00C04F79EFBC}") = "BlogApp.WebApi.Test", "BlogApp.WebApi.Test\BlogApp.WebApi.Test.csproj", "{0BFCCCE4-9CB0-4EDD-8C86-C798D0098224}"
EndProject
Project("{FAE04EC0-301F-11D3-BF4B-00C04F79EFBC}") = "BlogApp.BusinessLogic", "BlogApp.BusinessLogic\BlogApp.BusinessLogic.csproj", "{CE26099B-5014-446C-8117-6F0CAA322612}"
EndProject
Project("{FAE04EC0-301F-11D3-BF4B-00C04F79EFBC}") = "BlogApp.Domain", "BlogApp.Domain\BlogApp.Domain.csproj", "{0327C170-055F-453C-9D9B-AC9B705DADED}"
EndProject
Project("{FAE04EC0-301F-11D3-BF4B-00C04F79EFBC}") = "BlogApp.DataAccess", "BlogApp.DataAccess\BlogApp.DataAccess.csproj", "{B3087320-8F98-48B9-8EAA-C7FADC6FEAA8}"
EndProject
Project("{FAE04EC0-301F-11D3-BF4B-00C04F79EFBC}") = "BlogApp.IDataAccess", "BlogApp.IDataAccess\BlogApp.IDataAccess.csproj", "{CBF97581-84F0-49EF-A662-9D0878FE72B5}"
EndProject
Project("{FAE04EC0-301F-11D3-BF4B-00C04F79EFBC}") = "BlogApp.Models", "BlogApp.Models\BlogApp.Models.csproj", "{92848386-7ECE-4EF9-AF42-F92F8CB71037}"
EndProject
Project("{2150E333-8FDC-42A3-9474-1A3956D46DE8}") = "Tests", "Tests", "{F0B8084C-C47E-41D8-B032-0EEE58BAD968}"
EndProject
Project("{FAE04EC0-301F-11D3-BF4B-00C04F79EFBC}") = "BlogApp.BusinessLogic.Test", "BlogApp.BusinessLogic.Test\BlogApp.BusinessLogic.Test.csproj", "{E367227D-362E-4433-8226-55C98F0C67E3}"
EndProject
Project("{FAE04EC0-301F-11D3-BF4B-00C04F79EFBC}") = "BlogApp.Domain.Test", "BlogApp.Domain.Test\BlogApp.Domain.Test.csproj", "{3E754688-F075-4473-8EFA-05ED671119BD}"
EndProject
Project("{2150E333-8FDC-42A3-9474-1A3956D46DE8}") = "Application", "Application", "{3AF7EDFE-3ABF-46E2-9DC7-4CCB88F0D13C}"
EndProject
Project("{FAE04EC0-301F-11D3-BF4B-00C04F79EFBC}") = "BlogApp.DataAccess.Test", "BlogApp.DataAccess.Test\BlogApp.DataAccess.Test.csproj", "{AD74B0D2-7512-40BB-B39E-AD78020E6F55}"
EndProject
Global
	GlobalSection(SolutionConfigurationPlatforms) = preSolution
		Debug|Any CPU = Debug|Any CPU
		Release|Any CPU = Release|Any CPU
	EndGlobalSection
	GlobalSection(ProjectConfigurationPlatforms) = postSolution
		{16276E24-63AA-4015-9B9D-7DBC9BC52F56}.Debug|Any CPU.ActiveCfg = Debug|Any CPU
		{16276E24-63AA-4015-9B9D-7DBC9BC52F56}.Debug|Any CPU.Build.0 = Debug|Any CPU
		{16276E24-63AA-4015-9B9D-7DBC9BC52F56}.Release|Any CPU.ActiveCfg = Release|Any CPU
		{16276E24-63AA-4015-9B9D-7DBC9BC52F56}.Release|Any CPU.Build.0 = Release|Any CPU
		{0BFCCCE4-9CB0-4EDD-8C86-C798D0098224}.Debug|Any CPU.ActiveCfg = Debug|Any CPU
		{0BFCCCE4-9CB0-4EDD-8C86-C798D0098224}.Debug|Any CPU.Build.0 = Debug|Any CPU
		{0BFCCCE4-9CB0-4EDD-8C86-C798D0098224}.Release|Any CPU.ActiveCfg = Release|Any CPU
		{0BFCCCE4-9CB0-4EDD-8C86-C798D0098224}.Release|Any CPU.Build.0 = Release|Any CPU
		{CE26099B-5014-446C-8117-6F0CAA322612}.Debug|Any CPU.ActiveCfg = Debug|Any CPU
		{CE26099B-5014-446C-8117-6F0CAA322612}.Debug|Any CPU.Build.0 = Debug|Any CPU
		{CE26099B-5014-446C-8117-6F0CAA322612}.Release|Any CPU.ActiveCfg = Release|Any CPU
		{CE26099B-5014-446C-8117-6F0CAA322612}.Release|Any CPU.Build.0 = Release|Any CPU
		{0327C170-055F-453C-9D9B-AC9B705DADED}.Debug|Any CPU.ActiveCfg = Debug|Any CPU
		{0327C170-055F-453C-9D9B-AC9B705DADED}.Debug|Any CPU.Build.0 = Debug|Any CPU
		{0327C170-055F-453C-9D9B-AC9B705DADED}.Release|Any CPU.ActiveCfg = Release|Any CPU
		{0327C170-055F-453C-9D9B-AC9B705DADED}.Release|Any CPU.Build.0 = Release|Any CPU
		{B3087320-8F98-48B9-8EAA-C7FADC6FEAA8}.Debug|Any CPU.ActiveCfg = Debug|Any CPU
		{B3087320-8F98-48B9-8EAA-C7FADC6FEAA8}.Debug|Any CPU.Build.0 = Debug|Any CPU
		{B3087320-8F98-48B9-8EAA-C7FADC6FEAA8}.Release|Any CPU.ActiveCfg = Release|Any CPU
		{B3087320-8F98-48B9-8EAA-C7FADC6FEAA8}.Release|Any CPU.Build.0 = Release|Any CPU
		{CBF97581-84F0-49EF-A662-9D0878FE72B5}.Debug|Any CPU.ActiveCfg = Debug|Any CPU
		{CBF97581-84F0-49EF-A662-9D0878FE72B5}.Debug|Any CPU.Build.0 = Debug|Any CPU
		{CBF97581-84F0-49EF-A662-9D0878FE72B5}.Release|Any CPU.ActiveCfg = Release|Any CPU
		{CBF97581-84F0-49EF-A662-9D0878FE72B5}.Release|Any CPU.Build.0 = Release|Any CPU
		{92848386-7ECE-4EF9-AF42-F92F8CB71037}.Debug|Any CPU.ActiveCfg = Debug|Any CPU
		{92848386-7ECE-4EF9-AF42-F92F8CB71037}.Debug|Any CPU.Build.0 = Debug|Any CPU
		{92848386-7ECE-4EF9-AF42-F92F8CB71037}.Release|Any CPU.ActiveCfg = Release|Any CPU
		{92848386-7ECE-4EF9-AF42-F92F8CB71037}.Release|Any CPU.Build.0 = Release|Any CPU
		{E367227D-362E-4433-8226-55C98F0C67E3}.Debug|Any CPU.ActiveCfg = Debug|Any CPU
		{E367227D-362E-4433-8226-55C98F0C67E3}.Debug|Any CPU.Build.0 = Debug|Any CPU
		{E367227D-362E-4433-8226-55C98F0C67E3}.Release|Any CPU.ActiveCfg = Release|Any CPU
		{E367227D-362E-4433-8226-55C98F0C67E3}.Release|Any CPU.Build.0 = Release|Any CPU
		{3E754688-F075-4473-8EFA-05ED671119BD}.Debug|Any CPU.ActiveCfg = Debug|Any CPU
		{3E754688-F075-4473-8EFA-05ED671119BD}.Debug|Any CPU.Build.0 = Debug|Any CPU
		{3E754688-F075-4473-8EFA-05ED671119BD}.Release|Any CPU.ActiveCfg = Release|Any CPU
		{3E754688-F075-4473-8EFA-05ED671119BD}.Release|Any CPU.Build.0 = Release|Any CPU
		{AD74B0D2-7512-40BB-B39E-AD78020E6F55}.Debug|Any CPU.ActiveCfg = Debug|Any CPU
		{AD74B0D2-7512-40BB-B39E-AD78020E6F55}.Debug|Any CPU.Build.0 = Debug|Any CPU
		{AD74B0D2-7512-40BB-B39E-AD78020E6F55}.Release|Any CPU.ActiveCfg = Release|Any CPU
		{AD74B0D2-7512-40BB-B39E-AD78020E6F55}.Release|Any CPU.Build.0 = Release|Any CPU
	EndGlobalSection
	GlobalSection(NestedProjects) = preSolution
		{0BFCCCE4-9CB0-4EDD-8C86-C798D0098224} = {F0B8084C-C47E-41D8-B032-0EEE58BAD968}
		{E367227D-362E-4433-8226-55C98F0C67E3} = {F0B8084C-C47E-41D8-B032-0EEE58BAD968}
		{3E754688-F075-4473-8EFA-05ED671119BD} = {F0B8084C-C47E-41D8-B032-0EEE58BAD968}
		{CE26099B-5014-446C-8117-6F0CAA322612} = {3AF7EDFE-3ABF-46E2-9DC7-4CCB88F0D13C}
		{B3087320-8F98-48B9-8EAA-C7FADC6FEAA8} = {3AF7EDFE-3ABF-46E2-9DC7-4CCB88F0D13C}
		{0327C170-055F-453C-9D9B-AC9B705DADED} = {3AF7EDFE-3ABF-46E2-9DC7-4CCB88F0D13C}
		{CBF97581-84F0-49EF-A662-9D0878FE72B5} = {3AF7EDFE-3ABF-46E2-9DC7-4CCB88F0D13C}
		{92848386-7ECE-4EF9-AF42-F92F8CB71037} = {3AF7EDFE-3ABF-46E2-9DC7-4CCB88F0D13C}
		{16276E24-63AA-4015-9B9D-7DBC9BC52F56} = {3AF7EDFE-3ABF-46E2-9DC7-4CCB88F0D13C}
		{AD74B0D2-7512-40BB-B39E-AD78020E6F55} = {F0B8084C-C47E-41D8-B032-0EEE58BAD968}
	EndGlobalSection
EndGlobal
